
Microsoft Visual Studio Solution File, Format Version 12.00
# Visual Studio Version 17
VisualStudioVersion = 17.4.33205.214
MinimumVisualStudioVersion = 10.0.40219.1
Project("{9A19103F-16F7-4668-BE54-9A1E7A4F7556}") = "EduPortal", "EduPortal.csproj", "{B345732D-A88D-4CAF-91C1-29A2DDA24E13}"
EndProject
Global
	GlobalSection(SolutionConfigurationPlatforms) = preSolution
		Debug|Any CPU = Debug|Any CPU
		Release|Any CPU = Release|Any CPU
	EndGlobalSection
	GlobalSection(ProjectConfigurationPlatforms) = postSolution
		{B345732D-A88D-4CAF-91C1-29A2DDA24E13}.Debug|Any CPU.ActiveCfg = Debug|Any CPU
		{B345732D-A88D-4CAF-91C1-29A2DDA24E13}.Debug|Any CPU.Build.0 = Debug|Any CPU
		{B345732D-A88D-4CAF-91C1-29A2DDA24E13}.Release|Any CPU.ActiveCfg = Release|Any CPU
		{B345732D-A88D-4CAF-91C1-29A2DDA24E13}.Release|Any CPU.Build.0 = Release|Any CPU
	EndGlobalSection
	GlobalSection(SolutionProperties) = preSolution
		HideSolutionNode = FALSE
	EndGlobalSection
	GlobalSection(ExtensibilityGlobals) = postSolution
		SolutionGuid = {A5B04C77-08E9-4428-AB79-B0A352F24A7F}
	EndGlobalSection
EndGlobal
