
Microsoft Visual Studio Solution File, Format Version 12.00
# Visual Studio Version 17
VisualStudioVersion = 17.9.34728.123
MinimumVisualStudioVersion = 10.0.40219.1
Project("{9A19103F-16F7-4668-BE54-9A1E7A4F7556}") = "EduPortal", "Better Shkolo\EduPortal.csproj", "{384B164A-336A-4C42-932F-5D5F52A47901}"
EndProject
Global
	GlobalSection(SolutionConfigurationPlatforms) = preSolution
		Debug|Any CPU = Debug|Any CPU
		Release|Any CPU = Release|Any CPU
	EndGlobalSection
	GlobalSection(ProjectConfigurationPlatforms) = postSolution
		{384B164A-336A-4C42-932F-5D5F52A47901}.Debug|Any CPU.ActiveCfg = Debug|Any CPU
		{384B164A-336A-4C42-932F-5D5F52A47901}.Debug|Any CPU.Build.0 = Debug|Any CPU
		{384B164A-336A-4C42-932F-5D5F52A47901}.Release|Any CPU.ActiveCfg = Release|Any CPU
		{384B164A-336A-4C42-932F-5D5F52A47901}.Release|Any CPU.Build.0 = Release|Any CPU
	EndGlobalSection
	GlobalSection(SolutionProperties) = preSolution
		HideSolutionNode = FALSE
	EndGlobalSection
	GlobalSection(ExtensibilityGlobals) = postSolution
		SolutionGuid = {6F8BA4D1-3D7B-46A7-9308-CE07FEE7AD6B}
	EndGlobalSection
EndGlobal
